{
  "version": 4,
  "terraform_version": "1.9.0",
  "serial": 11,
  "lineage": "0f2379b4-97a6-6017-b5f4-56019247ae1e",
  "outputs": {},
  "resources": [
    {
      "module": "module.bedrock_kb",
      "mode": "data",
      "type": "aws_caller_identity",
      "name": "current",
      "provider": "provider[\"registry.terraform.io/hashicorp/aws\"]",
      "instances": [
        {
          "schema_version": 0,
          "attributes": {
            "account_id": "944186111100",
            "arn": "arn:aws:sts::944186111100:assumed-role/voclabs/user4356097=8bd6e5b2-4789-403e-8f4b-b3162f74b7be",
            "id": "944186111100",
            "user_id": "AROA5XVPAWR6JFWDKAXZV:user4356097=8bd6e5b2-4789-403e-8f4b-b3162f74b7be"
          },
          "sensitive_attributes": []
        }
      ]
    },
    {
      "module": "module.bedrock_kb",
      "mode": "managed",
      "type": "aws_iam_policy",
      "name": "bedrock_kb_rds_access",
      "provider": "provider[\"registry.terraform.io/hashicorp/aws\"]",
      "instances": [
        {
          "schema_version": 0,
          "attributes": {
            "arn": "arn:aws:iam::944186111100:policy/bedrock_kb_rds_access",
            "attachment_count": 1,
            "description": "IAM policy for Bedrock Knowledge Base to access RDS",
            "id": "arn:aws:iam::944186111100:policy/bedrock_kb_rds_access",
            "name": "bedrock_kb_rds_access",
            "name_prefix": "",
            "path": "/",
            "policy": "{\"Statement\":[{\"Action\":[\"rds:DescribeDBClusters\",\"rds:DescribeDBInstances\",\"rds:DescribeDBSubnetGroups\",\"rds:ListTagsForResource\",\"s3:ListBucket\",\"s3:GetObject\"],\"Effect\":\"Allow\",\"Resource\":\"*\"},{\"Action\":[\"secretsmanager:GetSecretValue\",\"secretsmanager:DescribeSecret\"],\"Effect\":\"Allow\",\"Resource\":\"arn:aws:secretsmanager:us-east-1:944186111100:secret:my-aurora-serverless-ZI9Uh0\"}],\"Version\":\"2012-10-17\"}",
            "policy_id": "ANPA5XVPAWR6A6ZSL2TNV",
            "tags": {},
            "tags_all": {}
          },
          "sensitive_attributes": [],
          "private": "bnVsbA=="
        }
      ]
    },
    {
      "module": "module.bedrock_kb",
      "mode": "managed",
      "type": "aws_iam_policy",
      "name": "rds_data_api_policy",
      "provider": "provider[\"registry.terraform.io/hashicorp/aws\"]",
      "instances": [
        {
          "schema_version": 0,
          "attributes": {
            "arn": "arn:aws:iam::944186111100:policy/my-bedrock-kb-rds-data-api-policy",
            "attachment_count": 1,
            "description": "IAM policy for RDS Data API access",
            "id": "arn:aws:iam::944186111100:policy/my-bedrock-kb-rds-data-api-policy",
            "name": "my-bedrock-kb-rds-data-api-policy",
            "name_prefix": "",
            "path": "/",
            "policy": "{\"Statement\":[{\"Action\":[\"rds-data:ExecuteStatement\",\"rds-data:BatchExecuteStatement\",\"rds-data:BeginTransaction\",\"rds-data:CommitTransaction\",\"rds-data:RollbackTransaction\"],\"Effect\":\"Allow\",\"Resource\":\"arn:aws:rds:us-east-1:944186111100:cluster:my-aurora-serverless\"},{\"Action\":[\"secretsmanager:GetSecretValue\"],\"Effect\":\"Allow\",\"Resource\":\"arn:aws:secretsmanager:us-east-1:944186111100:secret:my-aurora-serverless-ZI9Uh0\"}],\"Version\":\"2012-10-17\"}",
            "policy_id": "ANPA5XVPAWR6DMTFXEH45",
            "tags": {},
            "tags_all": {}
          },
          "sensitive_attributes": [],
          "private": "bnVsbA=="
        }
      ]
    },
    {
      "module": "module.bedrock_kb",
      "mode": "managed",
      "type": "aws_iam_role",
      "name": "bedrock_kb_role",
      "provider": "provider[\"registry.terraform.io/hashicorp/aws\"]",
      "instances": [
        {
          "schema_version": 0,
          "attributes": {
            "arn": "arn:aws:iam::944186111100:role/my-bedrock-kb-role",
            "assume_role_policy": "{\"Statement\":[{\"Action\":\"sts:AssumeRole\",\"Effect\":\"Allow\",\"Principal\":{\"Service\":\"bedrock.amazonaws.com\"}}],\"Version\":\"2012-10-17\"}",
            "create_date": "2025-11-22T17:42:46Z",
            "description": "",
            "force_detach_policies": false,
            "id": "my-bedrock-kb-role",
            "inline_policy": [],
            "managed_policy_arns": [
              "arn:aws:iam::944186111100:policy/bedrock_kb_rds_access",
              "arn:aws:iam::944186111100:policy/my-bedrock-kb-rds-data-api-policy",
              "arn:aws:iam::aws:policy/AmazonBedrockFullAccess"
            ],
            "max_session_duration": 3600,
            "name": "my-bedrock-kb-role",
            "name_prefix": "",
            "path": "/",
            "permissions_boundary": "",
            "tags": {},
            "tags_all": {},
            "unique_id": "AROA5XVPAWR6PPEPZTT72"
          },
          "sensitive_attributes": [],
          "private": "bnVsbA=="
        }
      ]
    },
    {
      "module": "module.bedrock_kb",
      "mode": "managed",
      "type": "aws_iam_role_policy_attachment",
      "name": "bedrock_kb_policy",
      "provider": "provider[\"registry.terraform.io/hashicorp/aws\"]",
      "instances": [
        {
          "schema_version": 0,
          "attributes": {
            "id": "my-bedrock-kb-role/arn:aws:iam::aws:policy/AmazonBedrockFullAccess",
            "policy_arn": "arn:aws:iam::aws:policy/AmazonBedrockFullAccess",
            "role": "my-bedrock-kb-role"
          },
          "sensitive_attributes": [],
          "private": "bnVsbA==",
          "dependencies": [
            "module.bedrock_kb.aws_iam_role.bedrock_kb_role"
          ]
        }
      ]
    },
    {
      "module": "module.bedrock_kb",
      "mode": "managed",
      "type": "aws_iam_role_policy_attachment",
      "name": "rds_data_api_policy_attachment",
      "provider": "provider[\"registry.terraform.io/hashicorp/aws\"]",
      "instances": [
        {
          "schema_version": 0,
          "attributes": {
            "id": "my-bedrock-kb-role/arn:aws:iam::944186111100:policy/my-bedrock-kb-rds-data-api-policy",
            "policy_arn": "arn:aws:iam::944186111100:policy/my-bedrock-kb-rds-data-api-policy",
            "role": "my-bedrock-kb-role"
          },
          "sensitive_attributes": [],
          "private": "bnVsbA==",
          "dependencies": [
            "module.bedrock_kb.aws_iam_policy.rds_data_api_policy",
            "module.bedrock_kb.aws_iam_role.bedrock_kb_role"
          ]
        }
      ]
    },
    {
      "module": "module.bedrock_kb",
      "mode": "managed",
      "type": "aws_iam_role_policy_attachment",
      "name": "rds_policy_attachment",
      "provider": "provider[\"registry.terraform.io/hashicorp/aws\"]",
      "instances": [
        {
          "schema_version": 0,
          "attributes": {
            "id": "my-bedrock-kb-role/arn:aws:iam::944186111100:policy/bedrock_kb_rds_access",
            "policy_arn": "arn:aws:iam::944186111100:policy/bedrock_kb_rds_access",
            "role": "my-bedrock-kb-role"
          },
          "sensitive_attributes": [],
          "private": "bnVsbA==",
          "dependencies": [
            "module.bedrock_kb.aws_iam_policy.bedrock_kb_rds_access",
            "module.bedrock_kb.aws_iam_role.bedrock_kb_role"
          ]
        }
      ]
    },
    {
      "module": "module.bedrock_kb",
      "mode": "managed",
      "type": "time_sleep",
      "name": "wait_10_seconds",
      "provider": "provider[\"registry.terraform.io/hashicorp/time\"]",
      "instances": [
        {
          "schema_version": 0,
          "attributes": {
            "create_duration": "10s",
            "destroy_duration": null,
            "id": "2025-11-22T17:42:58Z",
            "triggers": null
          },
          "sensitive_attributes": [],
          "dependencies": [
            "module.bedrock_kb.aws_iam_role.bedrock_kb_role",
            "module.bedrock_kb.aws_iam_role_policy_attachment.bedrock_kb_policy"
          ]
        }
      ]
    }
  ],
  "check_results": null
}
